<?xml version="1.0" encoding="utf-8"?>
<Project ToolsVersion="4.0" xmlns="http://schemas.microsoft.com/developer/msbuild/2003">
  <ItemGroup>
    <Filter Include="源文件">
      <UniqueIdentifier>{4FC737F1-C7A5-4376-A066-2A32D752A2FF}</UniqueIdentifier>
      <Extensions>cpp;c;cc;cxx;c++;cppm;ixx;def;odl;idl;hpj;bat;asm;asmx</Extensions>
    </Filter>
    <Filter Include="头文件">
      <UniqueIdentifier>{93995380-89BD-4b04-88EB-625FBE52EBFB}</UniqueIdentifier>
      <Extensions>h;hh;hpp;hxx;h++;hm;inl;inc;ipp;xsd</Extensions>
    </Filter>
    <Filter Include="资源文件">
      <UniqueIdentifier>{67DA6AB6-F800-4c08-8B7A-83BB121AAD01}</UniqueIdentifier>
      <Extensions>rc;ico;cur;bmp;dlg;rc2;rct;bin;rgs;gif;jpg;jpeg;jpe;resx;tiff;tif;png;wav;mfcribbon-ms</Extensions>
    </Filter>
    <Filter Include="observer_pattern">
      <UniqueIdentifier>{f266de92-87c3-477a-8a2d-76970f5f9e98}</UniqueIdentifier>
    </Filter>
    <Filter Include="state_pattern">
      <UniqueIdentifier>{95387a7b-f50b-4fd0-823a-e2c43bdcfed3}</UniqueIdentifier>
    </Filter>
    <Filter Include="lazy_loading_pattern">
      <UniqueIdentifier>{39ac2712-9968-4e0f-aa01-22d1121a4457}</UniqueIdentifier>
    </Filter>
    <Filter Include="visitor_pattern">
      <UniqueIdentifier>{5a382ce3-0844-45e9-be79-1ab12d8bfaa6}</UniqueIdentifier>
    </Filter>
  </ItemGroup>
  <ItemGroup>
    <ClCompile Include="WasteScreening.cpp">
      <Filter>visitor_pattern</Filter>
    </ClCompile>
    <ClCompile Include="Visitor.cpp">
      <Filter>visitor_pattern</Filter>
    </ClCompile>
    <ClCompile Include="WorkingSchedule.cpp">
      <Filter>observer_pattern</Filter>
    </ClCompile>
    <ClCompile Include="Stuff.cpp">
      <Filter>observer_pattern</Filter>
    </ClCompile>
    <ClCompile Include="StuffState.cpp">
      <Filter>state_pattern</Filter>
    </ClCompile>
    <ClCompile Include="lmq.cpp">
      <Filter>源文件</Filter>
    </ClCompile>
  </ItemGroup>
  <ItemGroup>
    <ClInclude Include="WasteScreening.h">
      <Filter>visitor_pattern</Filter>
    </ClInclude>
    <ClInclude Include="Visitor.h">
      <Filter>visitor_pattern</Filter>
    </ClInclude>
    <ClInclude Include="WorkingSchedule.h">
      <Filter>observer_pattern</Filter>
    </ClInclude>
    <ClInclude Include="lmq.h">
      <Filter>头文件</Filter>
    </ClInclude>
    <ClInclude Include="Stuff.h">
      <Filter>observer_pattern</Filter>
    </ClInclude>
    <ClInclude Include="StuffState.h">
      <Filter>state_pattern</Filter>
    </ClInclude>
  </ItemGroup>
</Project>