<?xml version="1.0" encoding="utf-8"?>
<Project ToolsVersion="4.0" xmlns="http://schemas.microsoft.com/developer/msbuild/2003">
  <ItemGroup>
    <Filter Include="源文件">
      <UniqueIdentifier>{4FC737F1-C7A5-4376-A066-2A32D752A2FF}</UniqueIdentifier>
      <Extensions>cpp;c;cc;cxx;c++;cppm;ixx;def;odl;idl;hpj;bat;asm;asmx</Extensions>
    </Filter>
    <Filter Include="头文件">
      <UniqueIdentifier>{93995380-89BD-4b04-88EB-625FBE52EBFB}</UniqueIdentifier>
      <Extensions>h;hh;hpp;hxx;h++;hm;inl;inc;ipp;xsd</Extensions>
    </Filter>
    <Filter Include="资源文件">
      <UniqueIdentifier>{67DA6AB6-F800-4c08-8B7A-83BB121AAD01}</UniqueIdentifier>
      <Extensions>rc;ico;cur;bmp;dlg;rc2;rct;bin;rgs;gif;jpg;jpeg;jpe;resx;tiff;tif;png;wav;mfcribbon-ms</Extensions>
    </Filter>
    <Filter Include="zst">
      <UniqueIdentifier>{f431cac1-4be0-4e2a-be4f-f15b72da2fbe}</UniqueIdentifier>
    </Filter>
    <Filter Include="EmptyObjectPattern">
      <UniqueIdentifier>{e7b25597-ba7a-4a36-9391-ca2d3f17fe8d}</UniqueIdentifier>
    </Filter>
    <Filter Include="StrategicPattern">
      <UniqueIdentifier>{71c707f9-1b58-4af5-bf51-2fca323e291c}</UniqueIdentifier>
    </Filter>
    <Filter Include="TemplatePattern">
      <UniqueIdentifier>{4bf71d84-1e15-419f-bf51-3fb5e595efc2}</UniqueIdentifier>
    </Filter>
    <Filter Include="TransferObjectPattern">
      <UniqueIdentifier>{444a5b86-8362-48c9-aa08-3ed54b83dd48}</UniqueIdentifier>
    </Filter>
    <Filter Include="ObserverPattern">
      <UniqueIdentifier>{3a57c2e7-71c9-4ab5-9d42-330645cc3bea}</UniqueIdentifier>
    </Filter>
    <Filter Include="StatePattern">
      <UniqueIdentifier>{b6fc00b8-62b7-4b23-a969-6e866959eea2}</UniqueIdentifier>
    </Filter>
    <Filter Include="MementoPattern">
      <UniqueIdentifier>{f5ba8bc9-729f-4e28-b02e-78b4a5e89f60}</UniqueIdentifier>
    </Filter>
    <Filter Include="VisitorPattern">
      <UniqueIdentifier>{93106aa0-0aa1-440a-adf7-0227e005345d}</UniqueIdentifier>
    </Filter>
  </ItemGroup>
  <ItemGroup>
    <ClCompile Include="zstmain.cpp">
      <Filter>源文件</Filter>
    </ClCompile>
    <ClCompile Include="EmptyObjectPattern.cpp">
      <Filter>EmptyObjectPattern</Filter>
    </ClCompile>
    <ClCompile Include="StrategicPattern.cpp">
      <Filter>StrategicPattern</Filter>
    </ClCompile>
    <ClCompile Include="TemplatePattern.cpp">
      <Filter>TemplatePattern</Filter>
    </ClCompile>
    <ClCompile Include="TransferObjectPattern.cpp">
      <Filter>TransferObjectPattern</Filter>
    </ClCompile>
    <ClCompile Include="factory.cpp">
      <Filter>源文件</Filter>
    </ClCompile>
    <ClCompile Include="Visitor.cpp">
      <Filter>VisitorPattern</Filter>
    </ClCompile>
    <ClCompile Include="WasteScreening.cpp">
      <Filter>VisitorPattern</Filter>
    </ClCompile>
    <ClCompile Include="Stuff.cpp">
      <Filter>StatePattern</Filter>
    </ClCompile>
    <ClCompile Include="StuffState.cpp">
      <Filter>StatePattern</Filter>
    </ClCompile>
    <ClCompile Include="WorkingSchedule.cpp">
      <Filter>ObserverPattern</Filter>
    </ClCompile>
  </ItemGroup>
  <ItemGroup>
    <ClInclude Include="Person.h">
      <Filter>头文件</Filter>
    </ClInclude>
    <ClInclude Include="Garbage.h">
      <Filter>头文件</Filter>
    </ClInclude>
    <ClInclude Include="EmptyObjectPattern.h">
      <Filter>EmptyObjectPattern</Filter>
    </ClInclude>
    <ClInclude Include="StrategicPattern.h">
      <Filter>StrategicPattern</Filter>
    </ClInclude>
    <ClInclude Include="TemplatePattern.h">
      <Filter>TemplatePattern</Filter>
    </ClInclude>
    <ClInclude Include="TransferObjectPattern.h">
      <Filter>TransferObjectPattern</Filter>
    </ClInclude>
    <ClInclude Include="factory.h">
      <Filter>头文件</Filter>
    </ClInclude>
    <ClInclude Include="GarbageType.h">
      <Filter>头文件</Filter>
    </ClInclude>
    <ClInclude Include="Visitor.h">
      <Filter>VisitorPattern</Filter>
    </ClInclude>
    <ClInclude Include="WasteScreening.h">
      <Filter>VisitorPattern</Filter>
    </ClInclude>
    <ClInclude Include="Stuff.h">
      <Filter>StatePattern</Filter>
    </ClInclude>
    <ClInclude Include="StuffState.h">
      <Filter>StatePattern</Filter>
    </ClInclude>
    <ClInclude Include="WorkingSchedule.h">
      <Filter>ObserverPattern</Filter>
    </ClInclude>
  </ItemGroup>
</Project>